
Microsoft Visual Studio Solution File, Format Version 11.00
# Visual Studio 2010
Project("{FAE04EC0-301F-11D3-BF4B-00C04F79EFBC}") = "AteruGamePlzBuild", "Assembly-CSharp.csproj", "{D9B501E1-3741-1335-5D08-10D852DC7DB7}"
EndProject
Project("{FAE04EC0-301F-11D3-BF4B-00C04F79EFBC}") = "AteruGamePlzBuild", "Assembly-CSharp-Editor.csproj", "{BE4F3FB9-71A0-87CA-6D24-548317401CF2}"
EndProject
Project("{FAE04EC0-301F-11D3-BF4B-00C04F79EFBC}") = "AteruGamePlzBuild", "Assembly-CSharp-Editor-firstpass.csproj", "{B4395E31-A021-5E31-8974-5A9408AEDA0E}"
EndProject
Global
	GlobalSection(SolutionConfigurationPlatforms) = preSolution
		Debug|Any CPU = Debug|Any CPU
		Release|Any CPU = Release|Any CPU
	EndGlobalSection
	GlobalSection(ProjectConfigurationPlatforms) = postSolution
		{D9B501E1-3741-1335-5D08-10D852DC7DB7}.Debug|Any CPU.ActiveCfg = Debug|Any CPU
		{D9B501E1-3741-1335-5D08-10D852DC7DB7}.Debug|Any CPU.Build.0 = Debug|Any CPU
		{D9B501E1-3741-1335-5D08-10D852DC7DB7}.Release|Any CPU.ActiveCfg = Release|Any CPU
		{D9B501E1-3741-1335-5D08-10D852DC7DB7}.Release|Any CPU.Build.0 = Release|Any CPU
		{BE4F3FB9-71A0-87CA-6D24-548317401CF2}.Debug|Any CPU.ActiveCfg = Debug|Any CPU
		{BE4F3FB9-71A0-87CA-6D24-548317401CF2}.Debug|Any CPU.Build.0 = Debug|Any CPU
		{BE4F3FB9-71A0-87CA-6D24-548317401CF2}.Release|Any CPU.ActiveCfg = Release|Any CPU
		{BE4F3FB9-71A0-87CA-6D24-548317401CF2}.Release|Any CPU.Build.0 = Release|Any CPU
		{B4395E31-A021-5E31-8974-5A9408AEDA0E}.Debug|Any CPU.ActiveCfg = Debug|Any CPU
		{B4395E31-A021-5E31-8974-5A9408AEDA0E}.Debug|Any CPU.Build.0 = Debug|Any CPU
		{B4395E31-A021-5E31-8974-5A9408AEDA0E}.Release|Any CPU.ActiveCfg = Release|Any CPU
		{B4395E31-A021-5E31-8974-5A9408AEDA0E}.Release|Any CPU.Build.0 = Release|Any CPU
	EndGlobalSection
	GlobalSection(SolutionProperties) = preSolution
		HideSolutionNode = FALSE
	EndGlobalSection
	GlobalSection(MonoDevelopProperties) = preSolution
		StartupItem = Assembly-CSharp.csproj
	EndGlobalSection
EndGlobal
